symfony 1f2e72d84aa9a4829185d6b2a0b814f6b933b30a
twig 396435ecd05556adb0a8bd05b14641cb4f8a8aa5
monolog b704c49a3051536f67f2d39f13568f74615b9922
doctrine-common 9e13facbacb001d324d71a0f6d25d8d7f12346b6
doctrine-dbal ee8f64111d03df2dbf3c106214514fce4a9857ab
doctrine a65377a5707cd55df873e16c6b8f1bbc100f97ee
swiftmailer 8c3165691e36302405926abbae7526549db8b899
assetic f829ad23d23c87480151a21faad49fefe7c09e5d
twig-extensions dcdff02fbac1282e6b8f4d0558cc7e9580105688
SensioDistributionBundle 20b66a408084ad8752f98e50f10533f5245310bf
SensioGeneratorBundle f9684874ee5f9dcbab9b6933467c1c40b9ce27c0
AsseticBundle 41b5913b5086a0909af92adcb4a6005ee0051b16
BehatBundle 63729b0b41ef4dce238207015cc9b33bbcc9b1a4
MinkBundle b44df60a8533824469591a8d3b8e2dbc916a1d59
doctrine-extensions 446425919b7b27e521f846dfcab9eb493d3bb8b5
StofDoctrineExtensionsBundle 6b2a8c74bd93ffdd6482f46b2b062c93f938202d
Imagine 1b771cfe813714f3b7c2a0d9381c35ffa5b4ba88
AvalancheImagineBundle 72a6d86bcaa3e498f3cf5e8d42ddf16fb3084d78
FOSUserBundle b3dc5faf0017a621537dd5ec44047be5ad5bb82e